// !$*UTF8*$!
{
	archiveVersion = 1;
	classes = {
	};
	objectVersion = 46;
	objects = {

/* Begin PBXBuildFile section */
		7C90219B174A377800E9FBF7 /* UIKit.framework in Frameworks */ = {isa = PBXBuildFile; fileRef = 7C90219A174A377800E9FBF7 /* UIKit.framework */; };
		7C90219D174A377800E9FBF7 /* Foundation.framework in Frameworks */ = {isa = PBXBuildFile; fileRef = 7C90219C174A377800E9FBF7 /* Foundation.framework */; };
		7C90219F174A377800E9FBF7 /* CoreGraphics.framework in Frameworks */ = {isa = PBXBuildFile; fileRef = 7C90219E174A377800E9FBF7 /* CoreGraphics.framework */; };
		7C9021A5174A377800E9FBF7 /* InfoPlist.strings in Resources */ = {isa = PBXBuildFile; fileRef = 7C9021A3174A377800E9FBF7 /* InfoPlist.strings */; };
		7C9021A7174A377800E9FBF7 /* main.m in Sources */ = {isa = PBXBuildFile; fileRef = 7C9021A6174A377800E9FBF7 /* main.m */; };
		7C9021AB174A377800E9FBF7 /* AppDelegate.m in Sources */ = {isa = PBXBuildFile; fileRef = 7C9021AA174A377800E9FBF7 /* AppDelegate.m */; };
		7C9021AD174A377800E9FBF7 /* Default.png in Resources */ = {isa = PBXBuildFile; fileRef = 7C9021AC174A377800E9FBF7 /* Default.png */; };
		7C9021AF174A377800E9FBF7 /* Default@2x.png in Resources */ = {isa = PBXBuildFile; fileRef = 7C9021AE174A377800E9FBF7 /* Default@2x.png */; };
		7C9021B1174A377800E9FBF7 /* Default-568h@2x.png in Resources */ = {isa = PBXBuildFile; fileRef = 7C9021B0174A377800E9FBF7 /* Default-568h@2x.png */; };
		7C9021B4174A377800E9FBF7 /* MainStoryboard.storyboard in Resources */ = {isa = PBXBuildFile; fileRef = 7C9021B2174A377800E9FBF7 /* MainStoryboard.storyboard */; };
		7C9021C9174A3CFF00E9FBF7 /* QuartzCore.framework in Frameworks */ = {isa = PBXBuildFile; fileRef = 7C9021C8174A3CFF00E9FBF7 /* QuartzCore.framework */; };
		7C9021CC174A426300E9FBF7 /* sliderThumb@2x.png in Resources */ = {isa = PBXBuildFile; fileRef = 7C9021BE174A39AB00E9FBF7 /* sliderThumb@2x.png */; };
		7C9021CD174A426300E9FBF7 /* sliderTrack@2x.png in Resources */ = {isa = PBXBuildFile; fileRef = 7C9021BF174A39AB00E9FBF7 /* sliderTrack@2x.png */; };
		7C9021CF174A4ABA00E9FBF7 /* sliderMaxMin@2x.png in Resources */ = {isa = PBXBuildFile; fileRef = 7C9021CE174A4ABA00E9FBF7 /* sliderMaxMin@2x.png */; };
		7C9021D3174A4BE700E9FBF7 /* FirstViewController.m in Sources */ = {isa = PBXBuildFile; fileRef = 7C9021D2174A4BE700E9FBF7 /* FirstViewController.m */; };
		7C9021D6174A4BED00E9FBF7 /* SecondViewController.m in Sources */ = {isa = PBXBuildFile; fileRef = 7C9021D5174A4BED00E9FBF7 /* SecondViewController.m */; };
		7C9021D9174A4C7300E9FBF7 /* SlideToUnlockViewController.m in Sources */ = {isa = PBXBuildFile; fileRef = 7C9021D8174A4C7300E9FBF7 /* SlideToUnlockViewController.m */; };
/* End PBXBuildFile section */

/* Begin PBXFileReference section */
		7C902197174A377800E9FBF7 /* SlideToUnlock.app */ = {isa = PBXFileReference; explicitFileType = wrapper.application; includeInIndex = 0; path = SlideToUnlock.app; sourceTree = BUILT_PRODUCTS_DIR; };
		7C90219A174A377800E9FBF7 /* UIKit.framework */ = {isa = PBXFileReference; lastKnownFileType = wrapper.framework; name = UIKit.framework; path = System/Library/Frameworks/UIKit.framework; sourceTree = SDKROOT; };
		7C90219C174A377800E9FBF7 /* Foundation.framework */ = {isa = PBXFileReference; lastKnownFileType = wrapper.framework; name = Foundation.framework; path = System/Library/Frameworks/Foundation.framework; sourceTree = SDKROOT; };
		7C90219E174A377800E9FBF7 /* CoreGraphics.framework */ = {isa = PBXFileReference; lastKnownFileType = wrapper.framework; name = CoreGraphics.framework; path = System/Library/Frameworks/CoreGraphics.framework; sourceTree = SDKROOT; };
		7C9021A2174A377800E9FBF7 /* SlideToUnlock-Info.plist */ = {isa = PBXFileReference; lastKnownFileType = text.plist.xml; path = "SlideToUnlock-Info.plist"; sourceTree = "<group>"; };
		7C9021A4174A377800E9FBF7 /* en */ = {isa = PBXFileReference; lastKnownFileType = text.plist.strings; name = en; path = en.lproj/InfoPlist.strings; sourceTree = "<group>"; };
		7C9021A6174A377800E9FBF7 /* main.m */ = {isa = PBXFileReference; lastKnownFileType = sourcecode.c.objc; path = main.m; sourceTree = "<group>"; };
		7C9021A8174A377800E9FBF7 /* SlideToUnlock-Prefix.pch */ = {isa = PBXFileReference; lastKnownFileType = sourcecode.c.h; path = "SlideToUnlock-Prefix.pch"; sourceTree = "<group>"; };
		7C9021A9174A377800E9FBF7 /* AppDelegate.h */ = {isa = PBXFileReference; lastKnownFileType = sourcecode.c.h; path = AppDelegate.h; sourceTree = "<group>"; };
		7C9021AA174A377800E9FBF7 /* AppDelegate.m */ = {isa = PBXFileReference; lastKnownFileType = sourcecode.c.objc; path = AppDelegate.m; sourceTree = "<group>"; };
		7C9021AC174A377800E9FBF7 /* Default.png */ = {isa = PBXFileReference; lastKnownFileType = image.png; path = Default.png; sourceTree = "<group>"; };
		7C9021AE174A377800E9FBF7 /* Default@2x.png */ = {isa = PBXFileReference; lastKnownFileType = image.png; path = "Default@2x.png"; sourceTree = "<group>"; };
		7C9021B0174A377800E9FBF7 /* Default-568h@2x.png */ = {isa = PBXFileReference; lastKnownFileType = image.png; path = "Default-568h@2x.png"; sourceTree = "<group>"; };
		7C9021B3174A377800E9FBF7 /* en */ = {isa = PBXFileReference; lastKnownFileType = file.storyboard; name = en; path = en.lproj/MainStoryboard.storyboard; sourceTree = "<group>"; };
		7C9021BE174A39AB00E9FBF7 /* sliderThumb@2x.png */ = {isa = PBXFileReference; lastKnownFileType = image.png; path = "sliderThumb@2x.png"; sourceTree = "<group>"; };
		7C9021BF174A39AB00E9FBF7 /* sliderTrack@2x.png */ = {isa = PBXFileReference; lastKnownFileType = image.png; path = "sliderTrack@2x.png"; sourceTree = "<group>"; };
		7C9021C8174A3CFF00E9FBF7 /* QuartzCore.framework */ = {isa = PBXFileReference; lastKnownFileType = wrapper.framework; name = QuartzCore.framework; path = System/Library/Frameworks/QuartzCore.framework; sourceTree = SDKROOT; };
		7C9021CE174A4ABA00E9FBF7 /* sliderMaxMin@2x.png */ = {isa = PBXFileReference; lastKnownFileType = image.png; path = "sliderMaxMin@2x.png"; sourceTree = "<group>"; };
		7C9021D1174A4BE700E9FBF7 /* FirstViewController.h */ = {isa = PBXFileReference; fileEncoding = 4; lastKnownFileType = sourcecode.c.h; path = FirstViewController.h; sourceTree = "<group>"; };
		7C9021D2174A4BE700E9FBF7 /* FirstViewController.m */ = {isa = PBXFileReference; fileEncoding = 4; lastKnownFileType = sourcecode.c.objc; path = FirstViewController.m; sourceTree = "<group>"; };
		7C9021D4174A4BED00E9FBF7 /* SecondViewController.h */ = {isa = PBXFileReference; fileEncoding = 4; lastKnownFileType = sourcecode.c.h; path = SecondViewController.h; sourceTree = "<group>"; };
		7C9021D5174A4BED00E9FBF7 /* SecondViewController.m */ = {isa = PBXFileReference; fileEncoding = 4; lastKnownFileType = sourcecode.c.objc; path = SecondViewController.m; sourceTree = "<group>"; };
		7C9021D7174A4C7300E9FBF7 /* SlideToUnlockViewController.h */ = {isa = PBXFileReference; fileEncoding = 4; lastKnownFileType = sourcecode.c.h; path = SlideToUnlockViewController.h; sourceTree = "<group>"; };
		7C9021D8174A4C7300E9FBF7 /* SlideToUnlockViewController.m */ = {isa = PBXFileReference; fileEncoding = 4; lastKnownFileType = sourcecode.c.objc; path = SlideToUnlockViewController.m; sourceTree = "<group>"; };
/* End PBXFileReference section */

/* Begin PBXFrameworksBuildPhase section */
		7C902194174A377800E9FBF7 /* Frameworks */ = {
			isa = PBXFrameworksBuildPhase;
			buildActionMask = 2147483647;
			files = (
				7C9021C9174A3CFF00E9FBF7 /* QuartzCore.framework in Frameworks */,
				7C90219B174A377800E9FBF7 /* UIKit.framework in Frameworks */,
				7C90219D174A377800E9FBF7 /* Foundation.framework in Frameworks */,
				7C90219F174A377800E9FBF7 /* CoreGraphics.framework in Frameworks */,
			);
			runOnlyForDeploymentPostprocessing = 0;
		};
/* End PBXFrameworksBuildPhase section */

/* Begin PBXGroup section */
		7C90218E174A377800E9FBF7 = {
			isa = PBXGroup;
			children = (
				7C9021A0174A377800E9FBF7 /* SlideToUnlock */,
				7C902199174A377800E9FBF7 /* Frameworks */,
				7C902198174A377800E9FBF7 /* Products */,
			);
			sourceTree = "<group>";
		};
		7C902198174A377800E9FBF7 /* Products */ = {
			isa = PBXGroup;
			children = (
				7C902197174A377800E9FBF7 /* SlideToUnlock.app */,
			);
			name = Products;
			sourceTree = "<group>";
		};
		7C902199174A377800E9FBF7 /* Frameworks */ = {
			isa = PBXGroup;
			children = (
				7C90219A174A377800E9FBF7 /* UIKit.framework */,
				7C90219C174A377800E9FBF7 /* Foundation.framework */,
				7C90219E174A377800E9FBF7 /* CoreGraphics.framework */,
				7C9021C8174A3CFF00E9FBF7 /* QuartzCore.framework */,
			);
			name = Frameworks;
			sourceTree = "<group>";
		};
		7C9021A0174A377800E9FBF7 /* SlideToUnlock */ = {
			isa = PBXGroup;
			children = (
				7C9021A9174A377800E9FBF7 /* AppDelegate.h */,
				7C9021AA174A377800E9FBF7 /* AppDelegate.m */,
				7C9021B2174A377800E9FBF7 /* MainStoryboard.storyboard */,
				7C9021D0174A4B9400E9FBF7 /* SlideToUnlock */,
				7C9021A1174A377800E9FBF7 /* Supporting Files */,
				7C9021D1174A4BE700E9FBF7 /* FirstViewController.h */,
				7C9021D2174A4BE700E9FBF7 /* FirstViewController.m */,
				7C9021D4174A4BED00E9FBF7 /* SecondViewController.h */,
				7C9021D5174A4BED00E9FBF7 /* SecondViewController.m */,
			);
			path = SlideToUnlock;
			sourceTree = "<group>";
		};
		7C9021A1174A377800E9FBF7 /* Supporting Files */ = {
			isa = PBXGroup;
			children = (
				7C9021A2174A377800E9FBF7 /* SlideToUnlock-Info.plist */,
				7C9021A3174A377800E9FBF7 /* InfoPlist.strings */,
				7C9021A6174A377800E9FBF7 /* main.m */,
				7C9021A8174A377800E9FBF7 /* SlideToUnlock-Prefix.pch */,
				7C9021AC174A377800E9FBF7 /* Default.png */,
				7C9021AE174A377800E9FBF7 /* Default@2x.png */,
				7C9021B0174A377800E9FBF7 /* Default-568h@2x.png */,
			);
			name = "Supporting Files";
			sourceTree = "<group>";
		};
		7C9021D0174A4B9400E9FBF7 /* SlideToUnlock */ = {
			isa = PBXGroup;
			children = (
				7C9021CE174A4ABA00E9FBF7 /* sliderMaxMin@2x.png */,
				7C9021BE174A39AB00E9FBF7 /* sliderThumb@2x.png */,
				7C9021BF174A39AB00E9FBF7 /* sliderTrack@2x.png */,
				7C9021D7174A4C7300E9FBF7 /* SlideToUnlockViewController.h */,
				7C9021D8174A4C7300E9FBF7 /* SlideToUnlockViewController.m */,
			);
			name = SlideToUnlock;
			sourceTree = "<group>";
		};
/* End PBXGroup section */

/* Begin PBXNativeTarget section */
		7C902196174A377800E9FBF7 /* SlideToUnlock */ = {
			isa = PBXNativeTarget;
			buildConfigurationList = 7C9021BA174A377800E9FBF7 /* Build configuration list for PBXNativeTarget "SlideToUnlock" */;
			buildPhases = (
				7C902193174A377800E9FBF7 /* Sources */,
				7C902194174A377800E9FBF7 /* Frameworks */,
				7C902195174A377800E9FBF7 /* Resources */,
			);
			buildRules = (
			);
			dependencies = (
			);
			name = SlideToUnlock;
			productName = SlideToUnlock;
			productReference = 7C902197174A377800E9FBF7 /* SlideToUnlock.app */;
			productType = "com.apple.product-type.application";
		};
/* End PBXNativeTarget section */

/* Begin PBXProject section */
		7C90218F174A377800E9FBF7 /* Project object */ = {
			isa = PBXProject;
			attributes = {
				LastUpgradeCheck = 0460;
				ORGANIZATIONNAME = "Ilter Cengiz";
			};
			buildConfigurationList = 7C902192174A377800E9FBF7 /* Build configuration list for PBXProject "SlideToUnlock" */;
			compatibilityVersion = "Xcode 3.2";
			developmentRegion = English;
			hasScannedForEncodings = 0;
			knownRegions = (
				en,
			);
			mainGroup = 7C90218E174A377800E9FBF7;
			productRefGroup = 7C902198174A377800E9FBF7 /* Products */;
			projectDirPath = "";
			projectRoot = "";
			targets = (
				7C902196174A377800E9FBF7 /* SlideToUnlock */,
			);
		};
/* End PBXProject section */

/* Begin PBXResourcesBuildPhase section */
		7C902195174A377800E9FBF7 /* Resources */ = {
			isa = PBXResourcesBuildPhase;
			buildActionMask = 2147483647;
			files = (
				7C9021CC174A426300E9FBF7 /* sliderThumb@2x.png in Resources */,
				7C9021CD174A426300E9FBF7 /* sliderTrack@2x.png in Resources */,
				7C9021A5174A377800E9FBF7 /* InfoPlist.strings in Resources */,
				7C9021AD174A377800E9FBF7 /* Default.png in Resources */,
				7C9021AF174A377800E9FBF7 /* Default@2x.png in Resources */,
				7C9021B1174A377800E9FBF7 /* Default-568h@2x.png in Resources */,
				7C9021B4174A377800E9FBF7 /* MainStoryboard.storyboard in Resources */,
				7C9021CF174A4ABA00E9FBF7 /* sliderMaxMin@2x.png in Resources */,
			);
			runOnlyForDeploymentPostprocessing = 0;
		};
/* End PBXResourcesBuildPhase section */

/* Begin PBXSourcesBuildPhase section */
		7C902193174A377800E9FBF7 /* Sources */ = {
			isa = PBXSourcesBuildPhase;
			buildActionMask = 2147483647;
			files = (
				7C9021A7174A377800E9FBF7 /* main.m in Sources */,
				7C9021AB174A377800E9FBF7 /* AppDelegate.m in Sources */,
				7C9021D3174A4BE700E9FBF7 /* FirstViewController.m in Sources */,
				7C9021D6174A4BED00E9FBF7 /* SecondViewController.m in Sources */,
				7C9021D9174A4C7300E9FBF7 /* SlideToUnlockViewController.m in Sources */,
			);
			runOnlyForDeploymentPostprocessing = 0;
		};
/* End PBXSourcesBuildPhase section */

/* Begin PBXVariantGroup section */
		7C9021A3174A377800E9FBF7 /* InfoPlist.strings */ = {
			isa = PBXVariantGroup;
			children = (
				7C9021A4174A377800E9FBF7 /* en */,
			);
			name = InfoPlist.strings;
			sourceTree = "<group>";
		};
		7C9021B2174A377800E9FBF7 /* MainStoryboard.storyboard */ = {
			isa = PBXVariantGroup;
			children = (
				7C9021B3174A377800E9FBF7 /* en */,
			);
			name = MainStoryboard.storyboard;
			sourceTree = "<group>";
		};
/* End PBXVariantGroup section */

/* Begin XCBuildConfiguration section */
		7C9021B8174A377800E9FBF7 /* Debug */ = {
			isa = XCBuildConfiguration;
			buildSettings = {
				ALWAYS_SEARCH_USER_PATHS = NO;
				CLANG_CXX_LANGUAGE_STANDARD = "gnu++0x";
				CLANG_CXX_LIBRARY = "libc++";
				CLANG_ENABLE_OBJC_ARC = YES;
				CLANG_WARN_CONSTANT_CONVERSION = YES;
				CLANG_WARN_EMPTY_BODY = YES;
				CLANG_WARN_ENUM_CONVERSION = YES;
				CLANG_WARN_INT_CONVERSION = YES;
				CLANG_WARN__DUPLICATE_METHOD_MATCH = YES;
				"CODE_SIGN_IDENTITY[sdk=iphoneos*]" = "iPhone Developer";
				COPY_PHASE_STRIP = NO;
				GCC_C_LANGUAGE_STANDARD = gnu99;
				GCC_DYNAMIC_NO_PIC = NO;
				GCC_OPTIMIZATION_LEVEL = 0;
				GCC_PREPROCESSOR_DEFINITIONS = (
					"DEBUG=1",
					"$(inherited)",
				);
				GCC_SYMBOLS_PRIVATE_EXTERN = NO;
				GCC_WARN_ABOUT_RETURN_TYPE = YES;
				GCC_WARN_UNINITIALIZED_AUTOS = YES;
				GCC_WARN_UNUSED_VARIABLE = YES;
				IPHONEOS_DEPLOYMENT_TARGET = 6.1;
				ONLY_ACTIVE_ARCH = YES;
				SDKROOT = iphoneos;
			};
			name = Debug;
		};
		7C9021B9174A377800E9FBF7 /* Release */ = {
			isa = XCBuildConfiguration;
			buildSettings = {
				ALWAYS_SEARCH_USER_PATHS = NO;
				CLANG_CXX_LANGUAGE_STANDARD = "gnu++0x";
				CLANG_CXX_LIBRARY = "libc++";
				CLANG_ENABLE_OBJC_ARC = YES;
				CLANG_WARN_CONSTANT_CONVERSION = YES;
				CLANG_WARN_EMPTY_BODY = YES;
				CLANG_WARN_ENUM_CONVERSION = YES;
				CLANG_WARN_INT_CONVERSION = YES;
				CLANG_WARN__DUPLICATE_METHOD_MATCH = YES;
				"CODE_SIGN_IDENTITY[sdk=iphoneos*]" = "iPhone Developer";
				COPY_PHASE_STRIP = YES;
				GCC_C_LANGUAGE_STANDARD = gnu99;
				GCC_WARN_ABOUT_RETURN_TYPE = YES;
				GCC_WARN_UNINITIALIZED_AUTOS = YES;
				GCC_WARN_UNUSED_VARIABLE = YES;
				IPHONEOS_DEPLOYMENT_TARGET = 6.1;
				OTHER_CFLAGS = "-DNS_BLOCK_ASSERTIONS=1";
				SDKROOT = iphoneos;
				VALIDATE_PRODUCT = YES;
			};
			name = Release;
		};
		7C9021BB174A377800E9FBF7 /* Debug */ = {
			isa = XCBuildConfiguration;
			buildSettings = {
				GCC_PRECOMPILE_PREFIX_HEADER = YES;
				GCC_PREFIX_HEADER = "SlideToUnlock/SlideToUnlock-Prefix.pch";
				INFOPLIST_FILE = "SlideToUnlock/SlideToUnlock-Info.plist";
				IPHONEOS_DEPLOYMENT_TARGET = 6.0;
				PRODUCT_NAME = "$(TARGET_NAME)";
				WRAPPER_EXTENSION = app;
			};
			name = Debug;
		};
		7C9021BC174A377800E9FBF7 /* Release */ = {
			isa = XCBuildConfiguration;
			buildSettings = {
				GCC_PRECOMPILE_PREFIX_HEADER = YES;
				GCC_PREFIX_HEADER = "SlideToUnlock/SlideToUnlock-Prefix.pch";
				INFOPLIST_FILE = "SlideToUnlock/SlideToUnlock-Info.plist";
				IPHONEOS_DEPLOYMENT_TARGET = 6.0;
				PRODUCT_NAME = "$(TARGET_NAME)";
				WRAPPER_EXTENSION = app;
			};
			name = Release;
		};
/* End XCBuildConfiguration section */

/* Begin XCConfigurationList section */
		7C902192174A377800E9FBF7 /* Build configuration list for PBXProject "SlideToUnlock" */ = {
			isa = XCConfigurationList;
			buildConfigurations = (
				7C9021B8174A377800E9FBF7 /* Debug */,
				7C9021B9174A377800E9FBF7 /* Release */,
			);
			defaultConfigurationIsVisible = 0;
			defaultConfigurationName = Release;
		};
		7C9021BA174A377800E9FBF7 /* Build configuration list for PBXNativeTarget "SlideToUnlock" */ = {
			isa = XCConfigurationList;
			buildConfigurations = (
				7C9021BB174A377800E9FBF7 /* Debug */,
				7C9021BC174A377800E9FBF7 /* Release */,
			);
			defaultConfigurationIsVisible = 0;
		};
/* End XCConfigurationList section */
	};
	rootObject = 7C90218F174A377800E9FBF7 /* Project object */;
}
